
Microsoft Visual Studio Solution File, Format Version 12.00
# Visual Studio Version 17
VisualStudioVersion = 17.5.33402.96
MinimumVisualStudioVersion = 10.0.40219.1
Project("{9A19103F-16F7-4668-BE54-9A1E7A4F7556}") = "StackOverflowTags.Core", "src\StackOverflowTags.Core\StackOverflowTags.Core.csproj", "{23A639F2-81E1-4E84-A0E8-8B3DA8397173}"
EndProject
Project("{FAE04EC0-301F-11D3-BF4B-00C04F79EFBC}") = "StackOverflowTags.Web", "src\StackOverflowTags.Web\StackOverflowTags.Web.csproj", "{8216F2BE-F958-4C41-8633-4AE3CE602E1C}"
EndProject
Global
	GlobalSection(SolutionConfigurationPlatforms) = preSolution
		Debug|Any CPU = Debug|Any CPU
		Release|Any CPU = Release|Any CPU
	EndGlobalSection
	GlobalSection(ProjectConfigurationPlatforms) = postSolution
		{23A639F2-81E1-4E84-A0E8-8B3DA8397173}.Debug|Any CPU.ActiveCfg = Debug|Any CPU
		{23A639F2-81E1-4E84-A0E8-8B3DA8397173}.Debug|Any CPU.Build.0 = Debug|Any CPU
		{23A639F2-81E1-4E84-A0E8-8B3DA8397173}.Release|Any CPU.ActiveCfg = Release|Any CPU
		{23A639F2-81E1-4E84-A0E8-8B3DA8397173}.Release|Any CPU.Build.0 = Release|Any CPU
		{8216F2BE-F958-4C41-8633-4AE3CE602E1C}.Debug|Any CPU.ActiveCfg = Debug|Any CPU
		{8216F2BE-F958-4C41-8633-4AE3CE602E1C}.Debug|Any CPU.Build.0 = Debug|Any CPU
		{8216F2BE-F958-4C41-8633-4AE3CE602E1C}.Release|Any CPU.ActiveCfg = Release|Any CPU
		{8216F2BE-F958-4C41-8633-4AE3CE602E1C}.Release|Any CPU.Build.0 = Release|Any CPU
	EndGlobalSection
	GlobalSection(SolutionProperties) = preSolution
		HideSolutionNode = FALSE
	EndGlobalSection
	GlobalSection(ExtensibilityGlobals) = postSolution
		SolutionGuid = {628E1105-C846-4BCE-A0BC-C6670F6BCA04}
	EndGlobalSection
EndGlobal
